
Microsoft Visual Studio Solution File, Format Version 12.00
# Visual Studio 15
VisualStudioVersion = 15.0.28307.438
MinimumVisualStudioVersion = 10.0.40219.1
Project("{FAE04EC0-301F-11D3-BF4B-00C04F79EFBC}") = "Zadanie1-1", "Anketa\Zadanie1-1.csproj", "{0CEBCED1-40A3-46E0-B002-8BF002C29A8B}"
EndProject
Project("{FAE04EC0-301F-11D3-BF4B-00C04F79EFBC}") = "Zadanie1-2", "WeightIndex\Zadanie1-2.csproj", "{B4D42EDD-7BC1-4EA9-AF40-14A4DB568A8B}"
EndProject
Project("{FAE04EC0-301F-11D3-BF4B-00C04F79EFBC}") = "Zadanie1-3", "Zadanie3\Zadanie1-3.csproj", "{F3BF8F7E-D704-4C07-9F50-4D90F488919F}"
EndProject
Project("{FAE04EC0-301F-11D3-BF4B-00C04F79EFBC}") = "Zadanie1-4", "Zadanie4\Zadanie1-4.csproj", "{50CD4CBE-7C95-4283-8DCE-BB70B3E6D457}"
EndProject
Project("{FAE04EC0-301F-11D3-BF4B-00C04F79EFBC}") = "Zadanie1-5", "Zadanie5\Zadanie1-5.csproj", "{3676C9AC-9697-498E-ACF4-538BED6A6DB1}"
EndProject
Project("{FAE04EC0-301F-11D3-BF4B-00C04F79EFBC}") = "Zadanie2-1", "Zadanie2-1\Zadanie2-1.csproj", "{11223AB0-BB69-49CF-95FD-64A40824FC3E}"
EndProject
Project("{FAE04EC0-301F-11D3-BF4B-00C04F79EFBC}") = "Zadanie2-2", "Zadanie2-2\Zadanie2-2.csproj", "{C76C1230-F563-460F-BBB2-B32F6D8D7AB6}"
EndProject
Project("{FAE04EC0-301F-11D3-BF4B-00C04F79EFBC}") = "Zadanie2-3", "Zadanie2-3\Zadanie2-3.csproj", "{82ABEA4C-6303-43FA-A3AD-770C5F16772D}"
EndProject
Project("{FAE04EC0-301F-11D3-BF4B-00C04F79EFBC}") = "Zadanie2-4", "Zadanie2-4\Zadanie2-4.csproj", "{A7E49949-1FE3-4AD9-872D-369F0EE6EB8C}"
EndProject
Project("{FAE04EC0-301F-11D3-BF4B-00C04F79EFBC}") = "Zadanie2-5", "Zadanie2-5\Zadanie2-5.csproj", "{5A855D88-EB6E-40E3-BA38-09C7F085F01A}"
EndProject
Project("{FAE04EC0-301F-11D3-BF4B-00C04F79EFBC}") = "Zadanie3-1", "Zadanie3-1\Zadanie3-1.csproj", "{1075FEBD-4764-4DA8-BE14-A90EE3EDD400}"
EndProject
Project("{FAE04EC0-301F-11D3-BF4B-00C04F79EFBC}") = "Zadanie3-2", "Zdznie3-2\Zadanie3-2.csproj", "{D5931CBC-93D9-481B-8F1A-96C652A1B4C4}"
EndProject
Project("{FAE04EC0-301F-11D3-BF4B-00C04F79EFBC}") = "Zadanie3-3", "Zadanie3-3\Zadanie3-3.csproj", "{9C18AC40-6D19-40B7-99CE-472E2D51EBFD}"
EndProject
Project("{FAE04EC0-301F-11D3-BF4B-00C04F79EFBC}") = "Zadanie4-1", "Zadanie4-1\Zadanie4-1.csproj", "{4ACE30F6-58C1-4A1E-AA97-4A7A4C2A669D}"
EndProject
Project("{FAE04EC0-301F-11D3-BF4B-00C04F79EFBC}") = "Zadanie4-2", "Zdanie4-2\Zadanie4-2.csproj", "{A618D295-039B-4038-BD75-36D8B854B99C}"
EndProject
Project("{FAE04EC0-301F-11D3-BF4B-00C04F79EFBC}") = "Zadanie5-1", "Zadanie5-1\Zadanie5-1.csproj", "{A8EC1D3B-7335-420F-B504-E91A45D7C486}"
EndProject
Project("{FAE04EC0-301F-11D3-BF4B-00C04F79EFBC}") = "Zadanie5-2", "Zadanie5-2\Zadanie5-2.csproj", "{DB60DDEE-CD71-4927-810B-0B13603C23A9}"
EndProject
Project("{FAE04EC0-301F-11D3-BF4B-00C04F79EFBC}") = "Zadanie6-1", "Zadanie6-1\Zadanie6-1.csproj", "{4F5CD2D5-C20F-4A7D-AA63-4FB0D60B85D0}"
EndProject
Project("{FAE04EC0-301F-11D3-BF4B-00C04F79EFBC}") = "Zadanie6-2", "Zadanie6-2\Zadanie6-2.csproj", "{E8270619-7A83-47C0-9650-30BF75C9BB3A}"
EndProject
Project("{FAE04EC0-301F-11D3-BF4B-00C04F79EFBC}") = "Zadanie6-3", "Zadanie6-3\Zadanie6-3.csproj", "{E2BE35C7-9089-43EA-9B0B-368C88B54C45}"
EndProject
Project("{FAE04EC0-301F-11D3-BF4B-00C04F79EFBC}") = "Zadanie7-1", "..\..\..\..\Downloads\Lesson7\Lesson7_1\WF_Udvoitel\Zadanie7-1.csproj", "{7021D948-2ADD-498C-9BDB-C95E9D896FF5}"
EndProject
Project("{FAE04EC0-301F-11D3-BF4B-00C04F79EFBC}") = "Zadanie7-2", "Zadanie7-2\Zadanie7-2.csproj", "{E740C022-8D1F-4525-960F-3608A562ADB9}"
EndProject
Project("{FAE04EC0-301F-11D3-BF4B-00C04F79EFBC}") = "Zadanie8-123", "..\..\..\..\Downloads\My_First_App\My_First_App\Zadanie8-123.csproj", "{F81F1535-724E-4907-A44E-A423CDB6FE3F}"
EndProject
Global
	GlobalSection(SolutionConfigurationPlatforms) = preSolution
		Debug|Any CPU = Debug|Any CPU
		Release|Any CPU = Release|Any CPU
	EndGlobalSection
	GlobalSection(ProjectConfigurationPlatforms) = postSolution
		{0CEBCED1-40A3-46E0-B002-8BF002C29A8B}.Debug|Any CPU.ActiveCfg = Debug|Any CPU
		{0CEBCED1-40A3-46E0-B002-8BF002C29A8B}.Debug|Any CPU.Build.0 = Debug|Any CPU
		{0CEBCED1-40A3-46E0-B002-8BF002C29A8B}.Release|Any CPU.ActiveCfg = Release|Any CPU
		{0CEBCED1-40A3-46E0-B002-8BF002C29A8B}.Release|Any CPU.Build.0 = Release|Any CPU
		{B4D42EDD-7BC1-4EA9-AF40-14A4DB568A8B}.Debug|Any CPU.ActiveCfg = Debug|Any CPU
		{B4D42EDD-7BC1-4EA9-AF40-14A4DB568A8B}.Debug|Any CPU.Build.0 = Debug|Any CPU
		{B4D42EDD-7BC1-4EA9-AF40-14A4DB568A8B}.Release|Any CPU.ActiveCfg = Release|Any CPU
		{B4D42EDD-7BC1-4EA9-AF40-14A4DB568A8B}.Release|Any CPU.Build.0 = Release|Any CPU
		{F3BF8F7E-D704-4C07-9F50-4D90F488919F}.Debug|Any CPU.ActiveCfg = Debug|Any CPU
		{F3BF8F7E-D704-4C07-9F50-4D90F488919F}.Debug|Any CPU.Build.0 = Debug|Any CPU
		{F3BF8F7E-D704-4C07-9F50-4D90F488919F}.Release|Any CPU.ActiveCfg = Release|Any CPU
		{F3BF8F7E-D704-4C07-9F50-4D90F488919F}.Release|Any CPU.Build.0 = Release|Any CPU
		{50CD4CBE-7C95-4283-8DCE-BB70B3E6D457}.Debug|Any CPU.ActiveCfg = Debug|Any CPU
		{50CD4CBE-7C95-4283-8DCE-BB70B3E6D457}.Debug|Any CPU.Build.0 = Debug|Any CPU
		{50CD4CBE-7C95-4283-8DCE-BB70B3E6D457}.Release|Any CPU.ActiveCfg = Release|Any CPU
		{50CD4CBE-7C95-4283-8DCE-BB70B3E6D457}.Release|Any CPU.Build.0 = Release|Any CPU
		{3676C9AC-9697-498E-ACF4-538BED6A6DB1}.Debug|Any CPU.ActiveCfg = Debug|Any CPU
		{3676C9AC-9697-498E-ACF4-538BED6A6DB1}.Debug|Any CPU.Build.0 = Debug|Any CPU
		{3676C9AC-9697-498E-ACF4-538BED6A6DB1}.Release|Any CPU.ActiveCfg = Release|Any CPU
		{3676C9AC-9697-498E-ACF4-538BED6A6DB1}.Release|Any CPU.Build.0 = Release|Any CPU
		{11223AB0-BB69-49CF-95FD-64A40824FC3E}.Debug|Any CPU.ActiveCfg = Debug|Any CPU
		{11223AB0-BB69-49CF-95FD-64A40824FC3E}.Debug|Any CPU.Build.0 = Debug|Any CPU
		{11223AB0-BB69-49CF-95FD-64A40824FC3E}.Release|Any CPU.ActiveCfg = Release|Any CPU
		{11223AB0-BB69-49CF-95FD-64A40824FC3E}.Release|Any CPU.Build.0 = Release|Any CPU
		{C76C1230-F563-460F-BBB2-B32F6D8D7AB6}.Debug|Any CPU.ActiveCfg = Debug|Any CPU
		{C76C1230-F563-460F-BBB2-B32F6D8D7AB6}.Debug|Any CPU.Build.0 = Debug|Any CPU
		{C76C1230-F563-460F-BBB2-B32F6D8D7AB6}.Release|Any CPU.ActiveCfg = Release|Any CPU
		{C76C1230-F563-460F-BBB2-B32F6D8D7AB6}.Release|Any CPU.Build.0 = Release|Any CPU
		{82ABEA4C-6303-43FA-A3AD-770C5F16772D}.Debug|Any CPU.ActiveCfg = Debug|Any CPU
		{82ABEA4C-6303-43FA-A3AD-770C5F16772D}.Debug|Any CPU.Build.0 = Debug|Any CPU
		{82ABEA4C-6303-43FA-A3AD-770C5F16772D}.Release|Any CPU.ActiveCfg = Release|Any CPU
		{82ABEA4C-6303-43FA-A3AD-770C5F16772D}.Release|Any CPU.Build.0 = Release|Any CPU
		{A7E49949-1FE3-4AD9-872D-369F0EE6EB8C}.Debug|Any CPU.ActiveCfg = Debug|Any CPU
		{A7E49949-1FE3-4AD9-872D-369F0EE6EB8C}.Debug|Any CPU.Build.0 = Debug|Any CPU
		{A7E49949-1FE3-4AD9-872D-369F0EE6EB8C}.Release|Any CPU.ActiveCfg = Release|Any CPU
		{A7E49949-1FE3-4AD9-872D-369F0EE6EB8C}.Release|Any CPU.Build.0 = Release|Any CPU
		{5A855D88-EB6E-40E3-BA38-09C7F085F01A}.Debug|Any CPU.ActiveCfg = Debug|Any CPU
		{5A855D88-EB6E-40E3-BA38-09C7F085F01A}.Debug|Any CPU.Build.0 = Debug|Any CPU
		{5A855D88-EB6E-40E3-BA38-09C7F085F01A}.Release|Any CPU.ActiveCfg = Release|Any CPU
		{5A855D88-EB6E-40E3-BA38-09C7F085F01A}.Release|Any CPU.Build.0 = Release|Any CPU
		{1075FEBD-4764-4DA8-BE14-A90EE3EDD400}.Debug|Any CPU.ActiveCfg = Debug|Any CPU
		{1075FEBD-4764-4DA8-BE14-A90EE3EDD400}.Debug|Any CPU.Build.0 = Debug|Any CPU
		{1075FEBD-4764-4DA8-BE14-A90EE3EDD400}.Release|Any CPU.ActiveCfg = Release|Any CPU
		{1075FEBD-4764-4DA8-BE14-A90EE3EDD400}.Release|Any CPU.Build.0 = Release|Any CPU
		{D5931CBC-93D9-481B-8F1A-96C652A1B4C4}.Debug|Any CPU.ActiveCfg = Debug|Any CPU
		{D5931CBC-93D9-481B-8F1A-96C652A1B4C4}.Debug|Any CPU.Build.0 = Debug|Any CPU
		{D5931CBC-93D9-481B-8F1A-96C652A1B4C4}.Release|Any CPU.ActiveCfg = Release|Any CPU
		{D5931CBC-93D9-481B-8F1A-96C652A1B4C4}.Release|Any CPU.Build.0 = Release|Any CPU
		{9C18AC40-6D19-40B7-99CE-472E2D51EBFD}.Debug|Any CPU.ActiveCfg = Debug|Any CPU
		{9C18AC40-6D19-40B7-99CE-472E2D51EBFD}.Debug|Any CPU.Build.0 = Debug|Any CPU
		{9C18AC40-6D19-40B7-99CE-472E2D51EBFD}.Release|Any CPU.ActiveCfg = Release|Any CPU
		{9C18AC40-6D19-40B7-99CE-472E2D51EBFD}.Release|Any CPU.Build.0 = Release|Any CPU
		{4ACE30F6-58C1-4A1E-AA97-4A7A4C2A669D}.Debug|Any CPU.ActiveCfg = Debug|Any CPU
		{4ACE30F6-58C1-4A1E-AA97-4A7A4C2A669D}.Debug|Any CPU.Build.0 = Debug|Any CPU
		{4ACE30F6-58C1-4A1E-AA97-4A7A4C2A669D}.Release|Any CPU.ActiveCfg = Release|Any CPU
		{4ACE30F6-58C1-4A1E-AA97-4A7A4C2A669D}.Release|Any CPU.Build.0 = Release|Any CPU
		{A618D295-039B-4038-BD75-36D8B854B99C}.Debug|Any CPU.ActiveCfg = Debug|Any CPU
		{A618D295-039B-4038-BD75-36D8B854B99C}.Debug|Any CPU.Build.0 = Debug|Any CPU
		{A618D295-039B-4038-BD75-36D8B854B99C}.Release|Any CPU.ActiveCfg = Release|Any CPU
		{A618D295-039B-4038-BD75-36D8B854B99C}.Release|Any CPU.Build.0 = Release|Any CPU
		{A8EC1D3B-7335-420F-B504-E91A45D7C486}.Debug|Any CPU.ActiveCfg = Debug|Any CPU
		{A8EC1D3B-7335-420F-B504-E91A45D7C486}.Debug|Any CPU.Build.0 = Debug|Any CPU
		{A8EC1D3B-7335-420F-B504-E91A45D7C486}.Release|Any CPU.ActiveCfg = Release|Any CPU
		{A8EC1D3B-7335-420F-B504-E91A45D7C486}.Release|Any CPU.Build.0 = Release|Any CPU
		{DB60DDEE-CD71-4927-810B-0B13603C23A9}.Debug|Any CPU.ActiveCfg = Debug|Any CPU
		{DB60DDEE-CD71-4927-810B-0B13603C23A9}.Debug|Any CPU.Build.0 = Debug|Any CPU
		{DB60DDEE-CD71-4927-810B-0B13603C23A9}.Release|Any CPU.ActiveCfg = Release|Any CPU
		{DB60DDEE-CD71-4927-810B-0B13603C23A9}.Release|Any CPU.Build.0 = Release|Any CPU
		{4F5CD2D5-C20F-4A7D-AA63-4FB0D60B85D0}.Debug|Any CPU.ActiveCfg = Debug|Any CPU
		{4F5CD2D5-C20F-4A7D-AA63-4FB0D60B85D0}.Debug|Any CPU.Build.0 = Debug|Any CPU
		{4F5CD2D5-C20F-4A7D-AA63-4FB0D60B85D0}.Release|Any CPU.ActiveCfg = Release|Any CPU
		{4F5CD2D5-C20F-4A7D-AA63-4FB0D60B85D0}.Release|Any CPU.Build.0 = Release|Any CPU
		{E8270619-7A83-47C0-9650-30BF75C9BB3A}.Debug|Any CPU.ActiveCfg = Debug|Any CPU
		{E8270619-7A83-47C0-9650-30BF75C9BB3A}.Debug|Any CPU.Build.0 = Debug|Any CPU
		{E8270619-7A83-47C0-9650-30BF75C9BB3A}.Release|Any CPU.ActiveCfg = Release|Any CPU
		{E8270619-7A83-47C0-9650-30BF75C9BB3A}.Release|Any CPU.Build.0 = Release|Any CPU
		{E2BE35C7-9089-43EA-9B0B-368C88B54C45}.Debug|Any CPU.ActiveCfg = Debug|Any CPU
		{E2BE35C7-9089-43EA-9B0B-368C88B54C45}.Debug|Any CPU.Build.0 = Debug|Any CPU
		{E2BE35C7-9089-43EA-9B0B-368C88B54C45}.Release|Any CPU.ActiveCfg = Release|Any CPU
		{E2BE35C7-9089-43EA-9B0B-368C88B54C45}.Release|Any CPU.Build.0 = Release|Any CPU
		{7021D948-2ADD-498C-9BDB-C95E9D896FF5}.Debug|Any CPU.ActiveCfg = Debug|Any CPU
		{7021D948-2ADD-498C-9BDB-C95E9D896FF5}.Debug|Any CPU.Build.0 = Debug|Any CPU
		{7021D948-2ADD-498C-9BDB-C95E9D896FF5}.Release|Any CPU.ActiveCfg = Release|Any CPU
		{7021D948-2ADD-498C-9BDB-C95E9D896FF5}.Release|Any CPU.Build.0 = Release|Any CPU
		{E740C022-8D1F-4525-960F-3608A562ADB9}.Debug|Any CPU.ActiveCfg = Debug|Any CPU
		{E740C022-8D1F-4525-960F-3608A562ADB9}.Debug|Any CPU.Build.0 = Debug|Any CPU
		{E740C022-8D1F-4525-960F-3608A562ADB9}.Release|Any CPU.ActiveCfg = Release|Any CPU
		{E740C022-8D1F-4525-960F-3608A562ADB9}.Release|Any CPU.Build.0 = Release|Any CPU
		{F81F1535-724E-4907-A44E-A423CDB6FE3F}.Debug|Any CPU.ActiveCfg = Debug|Any CPU
		{F81F1535-724E-4907-A44E-A423CDB6FE3F}.Debug|Any CPU.Build.0 = Debug|Any CPU
		{F81F1535-724E-4907-A44E-A423CDB6FE3F}.Release|Any CPU.ActiveCfg = Release|Any CPU
		{F81F1535-724E-4907-A44E-A423CDB6FE3F}.Release|Any CPU.Build.0 = Release|Any CPU
	EndGlobalSection
	GlobalSection(SolutionProperties) = preSolution
		HideSolutionNode = FALSE
	EndGlobalSection
	GlobalSection(ExtensibilityGlobals) = postSolution
		SolutionGuid = {2461687C-EDF6-4F67-B057-92C6D1B55E1C}
	EndGlobalSection
EndGlobal
